# THIS IS AN AUTOGENERATED FILE. DO NOT EDIT THIS FILE DIRECTLY.
# yarn lockfile v1


"@iktakahiro/markdown-it-katex@^4.0.1":
  version "4.0.1"
  resolved "http://r.npm.sankuai.com/@iktakahiro/markdown-it-katex/download/@iktakahiro/markdown-it-katex-4.0.1.tgz#65ff9d12afd4c0b7684dd247abe7ce42fc1edac3"
  integrity sha1-Zf+dEq/UwLdoTdJHq+fOQvwe2sM=
  dependencies:
    katex "^0.12.0"

"@nodelib/fs.scandir@2.1.5":
  version "2.1.5"
  resolved "http://r.npm.sankuai.com/@nodelib/fs.scandir/download/@nodelib/fs.scandir-2.1.5.tgz#7619c2eb21b25483f6d167548b4cfd5a7488c3d5"
  integrity sha1-dhnC6yGyVIP20WdUi0z9WnSIw9U=
  dependencies:
    "@nodelib/fs.stat" "2.0.5"
    run-parallel "^1.1.9"

"@nodelib/fs.stat@2.0.5", "@nodelib/fs.stat@^2.0.2":
  version "2.0.5"
  resolved "http://r.npm.sankuai.com/@nodelib/fs.stat/download/@nodelib/fs.stat-2.0.5.tgz#5bd262af94e9d25bd1e71b05deed44876a222e8b"
  integrity sha1-W9Jir5Tp0lvR5xsF3u1Eh2oiLos=

"@nodelib/fs.walk@^1.2.3":
  version "1.2.8"
  resolved "http://r.npm.sankuai.com/@nodelib/fs.walk/download/@nodelib/fs.walk-1.2.8.tgz#e95737e8bb6746ddedf69c556953494f196fe69a"
  integrity sha1-6Vc36LtnRt3t9pxVaVNJTxlv5po=
  dependencies:
    "@nodelib/fs.scandir" "2.1.5"
    fastq "^1.6.0"

ansi-regex@^5.0.1:
  version "5.0.1"
  resolved "http://r.npm.sankuai.com/ansi-regex/download/ansi-regex-5.0.1.tgz#082cb2c89c9fe8659a311a53bd6a4dc5301db304"
  integrity sha1-CCyyyJyf6GWaMRpTvWpNxTAdswQ=

ansi-styles@^4.0.0:
  version "4.3.0"
  resolved "http://r.npm.sankuai.com/ansi-styles/download/ansi-styles-4.3.0.tgz#edd803628ae71c04c85ae7a0906edad34b648937"
  integrity sha1-7dgDYornHATIWuegkG7a00tkiTc=
  dependencies:
    color-convert "^2.0.1"

argparse@^2.0.1:
  version "2.0.1"
  resolved "http://r.npm.sankuai.com/argparse/download/argparse-2.0.1.tgz#246f50f3ca78a3240f6c997e8a9bd1eac49e4b38"
  integrity sha1-JG9Q88p4oyQPbJl+ipvR6sSeSzg=

braces@^3.0.1:
  version "3.0.2"
  resolved "http://r.npm.sankuai.com/braces/download/braces-3.0.2.tgz#3454e1a462ee8d599e236df336cd9ea4f8afe107"
  integrity sha1-NFThpGLujVmeI23zNs2epPiv4Qc=
  dependencies:
    fill-range "^7.0.1"

cliui@^7.0.2:
  version "7.0.4"
  resolved "http://r.npm.sankuai.com/cliui/download/cliui-7.0.4.tgz#a0265ee655476fc807aea9df3df8df7783808b4f"
  integrity sha1-oCZe5lVHb8gHrqnfPfjfd4OAi08=
  dependencies:
    string-width "^4.2.0"
    strip-ansi "^6.0.0"
    wrap-ansi "^7.0.0"

clone@^2.1.1:
  version "2.1.2"
  resolved "http://r.npm.sankuai.com/clone/download/clone-2.1.2.tgz#1b7f4b9f591f1e8f83670401600345a02887435f"
  integrity sha1-G39Ln1kfHo+DZwQBYANFoCiHQ18=

color-convert@^2.0.1:
  version "2.0.1"
  resolved "http://r.npm.sankuai.com/color-convert/download/color-convert-2.0.1.tgz#72d3a68d598c9bdb3af2ad1e84f21d896abd4de3"
  integrity sha1-ctOmjVmMm9s68q0ehPIdiWq9TeM=
  dependencies:
    color-name "~1.1.4"

color-name@~1.1.4:
  version "1.1.4"
  resolved "http://r.npm.sankuai.com/color-name/download/color-name-1.1.4.tgz#c2a09a87acbde69543de6f63fa3995c826c536a2"
  integrity sha1-wqCah6y95pVD3m9j+jmVyCbFNqI=

commander@^2.19.0:
  version "2.20.3"
  resolved "http://r.npm.sankuai.com/commander/download/commander-2.20.3.tgz#fd485e84c03eb4881c20722ba48035e8531aeb33"
  integrity sha1-/UhehMA+tIgcIHIrpIA16FMa6zM=

emoji-regex@^8.0.0:
  version "8.0.0"
  resolved "http://r.npm.sankuai.com/emoji-regex/download/emoji-regex-8.0.0.tgz#e818fd69ce5ccfcb404594f842963bf53164cc37"
  integrity sha1-6Bj9ac5cz8tARZT4QpY79TFkzDc=

entities@~2.1.0:
  version "2.1.0"
  resolved "http://r.npm.sankuai.com/entities/download/entities-2.1.0.tgz#992d3129cf7df6870b96c57858c249a120f8b8b5"
  integrity sha1-mS0xKc999ocLlsV4WMJJoSD4uLU=

escalade@^3.1.1:
  version "3.1.1"
  resolved "http://r.npm.sankuai.com/escalade/download/escalade-3.1.1.tgz#d8cfdc7000965c5a0174b4a82eaa5c0552742e40"
  integrity sha1-2M/ccACWXFoBdLSoLqpcBVJ0LkA=

fast-glob@^3.2.7:
  version "3.2.7"
  resolved "http://r.npm.sankuai.com/fast-glob/download/fast-glob-3.2.7.tgz#fd6cb7a2d7e9aa7a7846111e85a196d6b2f766a1"
  integrity sha1-/Wy3otfpqnp4RhEehaGW1rL3ZqE=
  dependencies:
    "@nodelib/fs.stat" "^2.0.2"
    "@nodelib/fs.walk" "^1.2.3"
    glob-parent "^5.1.2"
    merge2 "^1.3.0"
    micromatch "^4.0.4"

fastq@^1.6.0:
  version "1.13.0"
  resolved "http://r.npm.sankuai.com/fastq/download/fastq-1.13.0.tgz#616760f88a7526bdfc596b7cab8c18938c36b98c"
  integrity sha1-YWdg+Ip1Jr38WWt8q4wYk4w2uYw=
  dependencies:
    reusify "^1.0.4"

fill-range@^7.0.1:
  version "7.0.1"
  resolved "http://r.npm.sankuai.com/fill-range/download/fill-range-7.0.1.tgz#1919a6a7c75fe38b2c7c77e5198535da9acdda40"
  integrity sha1-GRmmp8df44ssfHflGYU12prN2kA=
  dependencies:
    to-regex-range "^5.0.1"

get-caller-file@^2.0.5:
  version "2.0.5"
  resolved "http://r.npm.sankuai.com/get-caller-file/download/get-caller-file-2.0.5.tgz#4f94412a82db32f36e3b0b9741f8a97feb031f7e"
  integrity sha1-T5RBKoLbMvNuOwuXQfipf+sDH34=

github-slugger@^1.4.0:
  version "1.4.0"
  resolved "http://r.npm.sankuai.com/github-slugger/download/github-slugger-1.4.0.tgz#206eb96cdb22ee56fdc53a28d5a302338463444e"
  integrity sha1-IG65bNsi7lb9xToo1aMCM4RjRE4=

glob-parent@^5.1.2:
  version "5.1.2"
  resolved "http://r.npm.sankuai.com/glob-parent/download/glob-parent-5.1.2.tgz#869832c58034fe68a4093c17dc15e8340d8401c4"
  integrity sha1-hpgyxYA0/mikCTwX3BXoNA2EAcQ=
  dependencies:
    is-glob "^4.0.1"

highlight.js@^10.7.3:
  version "10.7.3"
  resolved "http://r.npm.sankuai.com/highlight.js/download/highlight.js-10.7.3.tgz#697272e3991356e40c3cac566a74eef681756531"
  integrity sha1-aXJy45kTVuQMPKxWanTu9oF1ZTE=

is-extglob@^2.1.1:
  version "2.1.1"
  resolved "http://r.npm.sankuai.com/is-extglob/download/is-extglob-2.1.1.tgz#a88c02535791f02ed37c76a1b9ea9773c833f8c2"
  integrity sha1-qIwCU1eR8C7TfHahueqXc8gz+MI=

is-fullwidth-code-point@^3.0.0:
  version "3.0.0"
  resolved "http://r.npm.sankuai.com/is-fullwidth-code-point/download/is-fullwidth-code-point-3.0.0.tgz#f116f8064fe90b3f7844a38997c0b75051269f1d"
  integrity sha1-8Rb4Bk/pCz94RKOJl8C3UFEmnx0=

is-glob@^4.0.1:
  version "4.0.3"
  resolved "http://r.npm.sankuai.com/is-glob/download/is-glob-4.0.3.tgz#64f61e42cbbb2eec2071a9dac0b28ba1e65d5084"
  integrity sha1-ZPYeQsu7LuwgcanawLKLoeZdUIQ=
  dependencies:
    is-extglob "^2.1.1"

is-number@^7.0.0:
  version "7.0.0"
  resolved "http://r.npm.sankuai.com/is-number/download/is-number-7.0.0.tgz#7535345b896734d5f80c4d06c50955527a14f12b"
  integrity sha1-dTU0W4lnNNX4DE0GxQlVUnoU8Ss=

katex@^0.12.0:
  version "0.12.0"
  resolved "http://r.npm.sankuai.com/katex/download/katex-0.12.0.tgz#2fb1c665dbd2b043edcf8a1f5c555f46beaa0cb9"
  integrity sha1-L7HGZdvSsEPtz4ofXFVfRr6qDLk=
  dependencies:
    commander "^2.19.0"

linkify-it@^3.0.1:
  version "3.0.3"
  resolved "http://r.npm.sankuai.com/linkify-it/download/linkify-it-3.0.3.tgz#a98baf44ce45a550efb4d49c769d07524cc2fa2e"
  integrity sha1-qYuvRM5FpVDvtNScdp0HUkzC+i4=
  dependencies:
    uc.micro "^1.0.1"

markdown-it-abbr@^1.0.4:
  version "1.0.4"
  resolved "http://r.npm.sankuai.com/markdown-it-abbr/download/markdown-it-abbr-1.0.4.tgz#d66b5364521cbb3dd8aa59dadfba2fb6865c8fd8"
  integrity sha1-1mtTZFIcuz3Yqlna37ovtoZcj9g=

markdown-it-container@^3.0.0:
  version "3.0.0"
  resolved "http://r.npm.sankuai.com/markdown-it-container/download/markdown-it-container-3.0.0.tgz#1d19b06040a020f9a827577bb7dbf67aa5de9a5b"
  integrity sha1-HRmwYECgIPmoJ1d7t9v2eqXemls=

markdown-it-deflist@^2.0.1:
  version "2.1.0"
  resolved "http://r.npm.sankuai.com/markdown-it-deflist/download/markdown-it-deflist-2.1.0.tgz#50d7a56b9544cd81252f7623bd785e28a8dcef5c"
  integrity sha1-UNela5VEzYElL3YjvXheKKjc71w=

markdown-it-emoji@^2.0.0:
  version "2.0.0"
  resolved "http://r.npm.sankuai.com/markdown-it-emoji/download/markdown-it-emoji-2.0.0.tgz#3164ad4c009efd946e98274f7562ad611089a231"
  integrity sha1-MWStTACe/ZRumCdPdWKtYRCJojE=

markdown-it-footnote@^3.0.3:
  version "3.0.3"
  resolved "http://r.npm.sankuai.com/markdown-it-footnote/download/markdown-it-footnote-3.0.3.tgz#e0e4c0d67390a4c5f0c75f73be605c7c190ca4d8"
  integrity sha1-4OTA1nOQpMXwx19zvmBcfBkMpNg=

markdown-it-implicit-figures@^0.10.0:
  version "0.10.0"
  resolved "http://r.npm.sankuai.com/markdown-it-implicit-figures/download/markdown-it-implicit-figures-0.10.0.tgz#0e75e80b846da1e3117a3fc6d6b013d0cc3f2a8c"
  integrity sha1-DnXoC4RtoeMRej/G1rAT0Mw/Kow=

markdown-it-imsize@^2.0.1:
  version "2.0.1"
  resolved "http://r.npm.sankuai.com/markdown-it-imsize/download/markdown-it-imsize-2.0.1.tgz#cca0427905d05338a247cb9ca9d968c5cddd5170"
  integrity sha1-zKBCeQXQUziiR8ucqdloxc3dUXA=

markdown-it-ins@^3.0.1:
  version "3.0.1"
  resolved "http://r.npm.sankuai.com/markdown-it-ins/download/markdown-it-ins-3.0.1.tgz#c09356b917cf1dbf73add0b275d67ab8c73d4b4d"
  integrity sha1-wJNWuRfPHb9zrdCyddZ6uMc9S00=

markdown-it-mark@^3.0.1:
  version "3.0.1"
  resolved "http://r.npm.sankuai.com/markdown-it-mark/download/markdown-it-mark-3.0.1.tgz#51257db58787d78aaf46dc13418d99a9f3f0ebd3"
  integrity sha1-USV9tYeH14qvRtwTQY2ZqfPw69M=

markdown-it-sub@^1.0.0:
  version "1.0.0"
  resolved "http://r.npm.sankuai.com/markdown-it-sub/download/markdown-it-sub-1.0.0.tgz#375fd6026eae7ddcb012497f6411195ea1e3afe8"
  integrity sha1-N1/WAm6ufdywEkl/ZBEZXqHjr+g=

markdown-it-sup@^1.0.0:
  version "1.0.0"
  resolved "http://r.npm.sankuai.com/markdown-it-sup/download/markdown-it-sup-1.0.0.tgz#cb9c9ff91a5255ac08f3fd3d63286e15df0a1fc3"
  integrity sha1-y5yf+RpSVawI8/09YyhuFd8KH8M=

markdown-it-task-lists@^2.1.1:
  version "2.1.1"
  resolved "http://r.npm.sankuai.com/markdown-it-task-lists/download/markdown-it-task-lists-2.1.1.tgz#f68f4d2ac2bad5a2c373ba93081a1a6848417088"
  integrity sha1-9o9NKsK61aLDc7qTCBoaaEhBcIg=

markdown-it@^12.2.0:
  version "12.3.0"
  resolved "http://r.npm.sankuai.com/markdown-it/download/markdown-it-12.3.0.tgz#11490c61b412b8f41530319c005ecdcd4367171f"
  integrity sha1-EUkMYbQSuPQVMDGcAF7NzUNnFx8=
  dependencies:
    argparse "^2.0.1"
    entities "~2.1.0"
    linkify-it "^3.0.1"
    mdurl "^1.0.1"
    uc.micro "^1.0.5"

mdurl@^1.0.1:
  version "1.0.1"
  resolved "http://r.npm.sankuai.com/mdurl/download/mdurl-1.0.1.tgz#fe85b2ec75a59037f2adfec100fd6c601761152e"
  integrity sha1-/oWy7HWlkDfyrf7BAP1sYBdhFS4=

merge2@^1.3.0:
  version "1.4.1"
  resolved "http://r.npm.sankuai.com/merge2/download/merge2-1.4.1.tgz#4368892f885e907455a6fd7dc55c0c9d404990ae"
  integrity sha1-Q2iJL4hekHRVpv19xVwMnUBJkK4=

micromatch@^4.0.4:
  version "4.0.4"
  resolved "http://r.npm.sankuai.com/micromatch/download/micromatch-4.0.4.tgz#896d519dfe9db25fce94ceb7a500919bf881ebf9"
  integrity sha1-iW1Rnf6dsl/OlM63pQCRm/iB6/k=
  dependencies:
    braces "^3.0.1"
    picomatch "^2.2.3"

picomatch@^2.2.3:
  version "2.3.0"
  resolved "http://r.npm.sankuai.com/picomatch/download/picomatch-2.3.0.tgz#f1f061de8f6a4bf022892e2d128234fb98302972"
  integrity sha1-8fBh3o9qS/AiiS4tEoI0+5gwKXI=

queue-microtask@^1.2.2:
  version "1.2.3"
  resolved "http://r.npm.sankuai.com/queue-microtask/download/queue-microtask-1.2.3.tgz#4929228bbc724dfac43e0efb058caf7b6cfb6243"
  integrity sha1-SSkii7xyTfrEPg77BYyve2z7YkM=

require-directory@^2.1.1:
  version "2.1.1"
  resolved "http://r.npm.sankuai.com/require-directory/download/require-directory-2.1.1.tgz#8c64ad5fd30dab1c976e2344ffe7f792a6a6df42"
  integrity sha1-jGStX9MNqxyXbiNE/+f3kqam30I=

reusify@^1.0.4:
  version "1.0.4"
  resolved "http://r.npm.sankuai.com/reusify/download/reusify-1.0.4.tgz#90da382b1e126efc02146e90845a88db12925d76"
  integrity sha1-kNo4Kx4SbvwCFG6QhFqI2xKSXXY=

run-parallel@^1.1.9:
  version "1.2.0"
  resolved "http://r.npm.sankuai.com/run-parallel/download/run-parallel-1.2.0.tgz#66d1368da7bdf921eb9d95bd1a9229e7f21a43ee"
  integrity sha1-ZtE2jae9+SHrnZW9GpIp5/IaQ+4=
  dependencies:
    queue-microtask "^1.2.2"

string-width@^4.1.0, string-width@^4.2.0:
  version "4.2.3"
  resolved "http://r.npm.sankuai.com/string-width/download/string-width-4.2.3.tgz#269c7117d27b05ad2e536830a8ec895ef9c6d010"
  integrity sha1-JpxxF9J7Ba0uU2gwqOyJXvnG0BA=
  dependencies:
    emoji-regex "^8.0.0"
    is-fullwidth-code-point "^3.0.0"
    strip-ansi "^6.0.1"

strip-ansi@^6.0.0, strip-ansi@^6.0.1:
  version "6.0.1"
  resolved "http://r.npm.sankuai.com/strip-ansi/download/strip-ansi-6.0.1.tgz#9e26c63d30f53443e9489495b2105d37b67a85d9"
  integrity sha1-nibGPTD1NEPpSJSVshBdN7Z6hdk=
  dependencies:
    ansi-regex "^5.0.1"

to-regex-range@^5.0.1:
  version "5.0.1"
  resolved "http://r.npm.sankuai.com/to-regex-range/download/to-regex-range-5.0.1.tgz#1648c44aae7c8d988a326018ed72f5b4dd0392e4"
  integrity sha1-FkjESq58jZiKMmAY7XL1tN0DkuQ=
  dependencies:
    is-number "^7.0.0"

turpan@^0.3.2:
  version "0.3.2"
  resolved "http://r.npm.sankuai.com/turpan/download/turpan-0.3.2.tgz#582bfee3c1192d5d927ca3fad0ee7cbec839c1f3"
  integrity sha1-WCv+48EZLV2SfKP60O58vsg5wfM=
  dependencies:
    "@iktakahiro/markdown-it-katex" "^4.0.1"
    clone "^2.1.1"
    github-slugger "^1.4.0"
    highlight.js "^10.7.3"
    markdown-it "^12.2.0"
    markdown-it-abbr "^1.0.4"
    markdown-it-container "^3.0.0"
    markdown-it-deflist "^2.0.1"
    markdown-it-emoji "^2.0.0"
    markdown-it-footnote "^3.0.3"
    markdown-it-implicit-figures "^0.10.0"
    markdown-it-imsize "^2.0.1"
    markdown-it-ins "^3.0.1"
    markdown-it-mark "^3.0.1"
    markdown-it-sub "^1.0.0"
    markdown-it-sup "^1.0.0"
    markdown-it-task-lists "^2.1.1"
    yargs "^16.2.0"

uc.micro@^1.0.1, uc.micro@^1.0.5:
  version "1.0.6"
  resolved "http://r.npm.sankuai.com/uc.micro/download/uc.micro-1.0.6.tgz#9c411a802a409a91fc6cf74081baba34b24499ac"
  integrity sha1-nEEagCpAmpH8bPdAgbq6NLJEmaw=

wrap-ansi@^7.0.0:
  version "7.0.0"
  resolved "http://r.npm.sankuai.com/wrap-ansi/download/wrap-ansi-7.0.0.tgz#67e145cff510a6a6984bdf1152911d69d2eb9e43"
  integrity sha1-Z+FFz/UQpqaYS98RUpEdadLrnkM=
  dependencies:
    ansi-styles "^4.0.0"
    string-width "^4.1.0"
    strip-ansi "^6.0.0"

y18n@^5.0.5:
  version "5.0.8"
  resolved "http://r.npm.sankuai.com/y18n/download/y18n-5.0.8.tgz#7f4934d0f7ca8c56f95314939ddcd2dd91ce1d55"
  integrity sha1-f0k00PfKjFb5UxSTndzS3ZHOHVU=

yargs-parser@^20.2.2:
  version "20.2.9"
  resolved "http://r.npm.sankuai.com/yargs-parser/download/yargs-parser-20.2.9.tgz#2eb7dc3b0289718fc295f362753845c41a0c94ee"
  integrity sha1-LrfcOwKJcY/ClfNidThFxBoMlO4=

yargs@^16.2.0:
  version "16.2.0"
  resolved "http://r.npm.sankuai.com/yargs/download/yargs-16.2.0.tgz#1c82bf0f6b6a66eafce7ef30e376f49a12477f66"
  integrity sha1-HIK/D2tqZur85+8w43b0mhJHf2Y=
  dependencies:
    cliui "^7.0.2"
    escalade "^3.1.1"
    get-caller-file "^2.0.5"
    require-directory "^2.1.1"
    string-width "^4.2.0"
    y18n "^5.0.5"
    yargs-parser "^20.2.2"
